
Microsoft Visual Studio Solution File, Format Version 12.00
# Visual Studio Version 17
VisualStudioVersion = 17.0.31903.59
MinimumVisualStudioVersion = 10.0.40219.1
Project("{2150E333-8FDC-42A3-9474-1A3956D46DE8}") = "src", "src", "{ED368F37-836D-415B-87BF-D24A334FF7CD}"
EndProject
Project("{FAE04EC0-301F-11D3-BF4B-00C04F79EFBC}") = "Festival.Domain", "src\Festival.Domain\Festival.Domain.csproj", "{35E13B8D-05F1-433C-8BE7-008DAF50DCD6}"
EndProject
Project("{FAE04EC0-301F-11D3-BF4B-00C04F79EFBC}") = "Festival.Application", "src\Festival.Application\Festival.Application.csproj", "{31E0FE7F-F79D-470F-AFE1-CAFAE8A9FF28}"
EndProject
Project("{FAE04EC0-301F-11D3-BF4B-00C04F79EFBC}") = "Festival.Infrastructure", "src\Festival.Infrastructure\Festival.Infrastructure.csproj", "{F44F46EC-2AE5-44C5-AE4D-1C1E27B7BEA0}"
EndProject
Project("{FAE04EC0-301F-11D3-BF4B-00C04F79EFBC}") = "Festival.Api", "src\Festival.Api\Festival.Api.csproj", "{B107FA5D-5A69-49E1-A029-F1083293187A}"
EndProject
Global
	GlobalSection(SolutionConfigurationPlatforms) = preSolution
		Debug|Any CPU = Debug|Any CPU
		Release|Any CPU = Release|Any CPU
	EndGlobalSection
	GlobalSection(SolutionProperties) = preSolution
		HideSolutionNode = FALSE
	EndGlobalSection
	GlobalSection(ProjectConfigurationPlatforms) = postSolution
		{35E13B8D-05F1-433C-8BE7-008DAF50DCD6}.Debug|Any CPU.ActiveCfg = Debug|Any CPU
		{35E13B8D-05F1-433C-8BE7-008DAF50DCD6}.Debug|Any CPU.Build.0 = Debug|Any CPU
		{35E13B8D-05F1-433C-8BE7-008DAF50DCD6}.Release|Any CPU.ActiveCfg = Release|Any CPU
		{35E13B8D-05F1-433C-8BE7-008DAF50DCD6}.Release|Any CPU.Build.0 = Release|Any CPU
		{31E0FE7F-F79D-470F-AFE1-CAFAE8A9FF28}.Debug|Any CPU.ActiveCfg = Debug|Any CPU
		{31E0FE7F-F79D-470F-AFE1-CAFAE8A9FF28}.Debug|Any CPU.Build.0 = Debug|Any CPU
		{31E0FE7F-F79D-470F-AFE1-CAFAE8A9FF28}.Release|Any CPU.ActiveCfg = Release|Any CPU
		{31E0FE7F-F79D-470F-AFE1-CAFAE8A9FF28}.Release|Any CPU.Build.0 = Release|Any CPU
		{F44F46EC-2AE5-44C5-AE4D-1C1E27B7BEA0}.Debug|Any CPU.ActiveCfg = Debug|Any CPU
		{F44F46EC-2AE5-44C5-AE4D-1C1E27B7BEA0}.Debug|Any CPU.Build.0 = Debug|Any CPU
		{F44F46EC-2AE5-44C5-AE4D-1C1E27B7BEA0}.Release|Any CPU.ActiveCfg = Release|Any CPU
		{F44F46EC-2AE5-44C5-AE4D-1C1E27B7BEA0}.Release|Any CPU.Build.0 = Release|Any CPU
		{B107FA5D-5A69-49E1-A029-F1083293187A}.Debug|Any CPU.ActiveCfg = Debug|Any CPU
		{B107FA5D-5A69-49E1-A029-F1083293187A}.Debug|Any CPU.Build.0 = Debug|Any CPU
		{B107FA5D-5A69-49E1-A029-F1083293187A}.Release|Any CPU.ActiveCfg = Release|Any CPU
		{B107FA5D-5A69-49E1-A029-F1083293187A}.Release|Any CPU.Build.0 = Release|Any CPU
	EndGlobalSection
	GlobalSection(NestedProjects) = preSolution
		{35E13B8D-05F1-433C-8BE7-008DAF50DCD6} = {ED368F37-836D-415B-87BF-D24A334FF7CD}
		{31E0FE7F-F79D-470F-AFE1-CAFAE8A9FF28} = {ED368F37-836D-415B-87BF-D24A334FF7CD}
		{F44F46EC-2AE5-44C5-AE4D-1C1E27B7BEA0} = {ED368F37-836D-415B-87BF-D24A334FF7CD}
		{B107FA5D-5A69-49E1-A029-F1083293187A} = {ED368F37-836D-415B-87BF-D24A334FF7CD}
	EndGlobalSection
EndGlobal
